// !$*UTF8*$!
{
	archiveVersion = 1;
	classes = {
	};
	objectVersion = 56;
	objects = {

/* Begin PBXBuildFile section */
		F2D8584F2B5B223400282F38 /* AppDelegate.swift in Sources */ = {isa = PBXBuildFile; fileRef = F2D8584E2B5B223400282F38 /* AppDelegate.swift */; };
		F2D858532B5B223400282F38 /* ListPasswordVC.swift in Sources */ = {isa = PBXBuildFile; fileRef = F2D858522B5B223400282F38 /* ListPasswordVC.swift */; };
		F2D858592B5B223400282F38 /* MyPasswords.xcdatamodeld in Sources */ = {isa = PBXBuildFile; fileRef = F2D858572B5B223400282F38 /* MyPasswords.xcdatamodeld */; };
		F2D8585B2B5B223500282F38 /* Assets.xcassets in Resources */ = {isa = PBXBuildFile; fileRef = F2D8585A2B5B223500282F38 /* Assets.xcassets */; };
		F2D8585E2B5B223500282F38 /* LaunchScreen.storyboard in Resources */ = {isa = PBXBuildFile; fileRef = F2D8585C2B5B223500282F38 /* LaunchScreen.storyboard */; };
		F2D858672B5B259B00282F38 /* ListPasswordEntity.swift in Sources */ = {isa = PBXBuildFile; fileRef = F2D858662B5B259B00282F38 /* ListPasswordEntity.swift */; };
		F2D8586A2B5B262600282F38 /* ListPasswordInteractor.swift in Sources */ = {isa = PBXBuildFile; fileRef = F2D858692B5B262600282F38 /* ListPasswordInteractor.swift */; };
		F2D8586D2B5B28E500282F38 /* HeaderTableViewCell.swift in Sources */ = {isa = PBXBuildFile; fileRef = F2D8586C2B5B28E500282F38 /* HeaderTableViewCell.swift */; };
		F2D8586F2B5B2A2300282F38 /* GeneralProtocols.swift in Sources */ = {isa = PBXBuildFile; fileRef = F2D8586E2B5B2A2300282F38 /* GeneralProtocols.swift */; };
		F2D858712B5B304200282F38 /* TitleViewCell.swift in Sources */ = {isa = PBXBuildFile; fileRef = F2D858702B5B304200282F38 /* TitleViewCell.swift */; };
		F2F644412B5C17260053F0A0 /* MyPasswordPresenter.swift in Sources */ = {isa = PBXBuildFile; fileRef = F2F6443B2B5C17260053F0A0 /* MyPasswordPresenter.swift */; };
		F2F644422B5C17260053F0A0 /* MyPasswordRouter.swift in Sources */ = {isa = PBXBuildFile; fileRef = F2F6443C2B5C17260053F0A0 /* MyPasswordRouter.swift */; };
		F2F644432B5C17260053F0A0 /* MyPasswordInteractor.swift in Sources */ = {isa = PBXBuildFile; fileRef = F2F6443D2B5C17260053F0A0 /* MyPasswordInteractor.swift */; };
		F2F644442B5C17260053F0A0 /* MyPasswordProtocol.swift in Sources */ = {isa = PBXBuildFile; fileRef = F2F6443E2B5C17260053F0A0 /* MyPasswordProtocol.swift */; };
		F2F644452B5C17260053F0A0 /* MyPasswordVC.swift in Sources */ = {isa = PBXBuildFile; fileRef = F2F6443F2B5C17260053F0A0 /* MyPasswordVC.swift */; };
		F2F644482B5C8B1D0053F0A0 /* ListPasswordRouter.swift in Sources */ = {isa = PBXBuildFile; fileRef = F2F644472B5C8B1D0053F0A0 /* ListPasswordRouter.swift */; };
		F2F6444A2B5C8B820053F0A0 /* ListPasswordPresenter.swift in Sources */ = {isa = PBXBuildFile; fileRef = F2F644492B5C8B820053F0A0 /* ListPasswordPresenter.swift */; };
		F2F6444C2B5C8D730053F0A0 /* ListPasswordProtocol.swift in Sources */ = {isa = PBXBuildFile; fileRef = F2F6444B2B5C8D730053F0A0 /* ListPasswordProtocol.swift */; };
/* End PBXBuildFile section */

/* Begin PBXFileReference section */
		F2D8584B2B5B223400282F38 /* MyPasswords.app */ = {isa = PBXFileReference; explicitFileType = wrapper.application; includeInIndex = 0; path = MyPasswords.app; sourceTree = BUILT_PRODUCTS_DIR; };
		F2D8584E2B5B223400282F38 /* AppDelegate.swift */ = {isa = PBXFileReference; lastKnownFileType = sourcecode.swift; path = AppDelegate.swift; sourceTree = "<group>"; };
		F2D858522B5B223400282F38 /* ListPasswordVC.swift */ = {isa = PBXFileReference; lastKnownFileType = sourcecode.swift; path = ListPasswordVC.swift; sourceTree = "<group>"; };
		F2D858582B5B223400282F38 /* MyPasswords.xcdatamodel */ = {isa = PBXFileReference; lastKnownFileType = wrapper.xcdatamodel; path = MyPasswords.xcdatamodel; sourceTree = "<group>"; };
		F2D8585A2B5B223500282F38 /* Assets.xcassets */ = {isa = PBXFileReference; lastKnownFileType = folder.assetcatalog; path = Assets.xcassets; sourceTree = "<group>"; };
		F2D8585D2B5B223500282F38 /* Base */ = {isa = PBXFileReference; lastKnownFileType = file.storyboard; name = Base; path = Base.lproj/LaunchScreen.storyboard; sourceTree = "<group>"; };
		F2D8585F2B5B223500282F38 /* Info.plist */ = {isa = PBXFileReference; lastKnownFileType = text.plist.xml; path = Info.plist; sourceTree = "<group>"; };
		F2D858662B5B259B00282F38 /* ListPasswordEntity.swift */ = {isa = PBXFileReference; lastKnownFileType = sourcecode.swift; path = ListPasswordEntity.swift; sourceTree = "<group>"; };
		F2D858692B5B262600282F38 /* ListPasswordInteractor.swift */ = {isa = PBXFileReference; lastKnownFileType = sourcecode.swift; path = ListPasswordInteractor.swift; sourceTree = "<group>"; };
		F2D8586C2B5B28E500282F38 /* HeaderTableViewCell.swift */ = {isa = PBXFileReference; lastKnownFileType = sourcecode.swift; path = HeaderTableViewCell.swift; sourceTree = "<group>"; };
		F2D8586E2B5B2A2300282F38 /* GeneralProtocols.swift */ = {isa = PBXFileReference; lastKnownFileType = sourcecode.swift; path = GeneralProtocols.swift; sourceTree = "<group>"; };
		F2D858702B5B304200282F38 /* TitleViewCell.swift */ = {isa = PBXFileReference; lastKnownFileType = sourcecode.swift; path = TitleViewCell.swift; sourceTree = "<group>"; };
		F2F6443B2B5C17260053F0A0 /* MyPasswordPresenter.swift */ = {isa = PBXFileReference; lastKnownFileType = sourcecode.swift; path = MyPasswordPresenter.swift; sourceTree = "<group>"; };
		F2F6443C2B5C17260053F0A0 /* MyPasswordRouter.swift */ = {isa = PBXFileReference; lastKnownFileType = sourcecode.swift; path = MyPasswordRouter.swift; sourceTree = "<group>"; };
		F2F6443D2B5C17260053F0A0 /* MyPasswordInteractor.swift */ = {isa = PBXFileReference; lastKnownFileType = sourcecode.swift; path = MyPasswordInteractor.swift; sourceTree = "<group>"; };
		F2F6443E2B5C17260053F0A0 /* MyPasswordProtocol.swift */ = {isa = PBXFileReference; lastKnownFileType = sourcecode.swift; path = MyPasswordProtocol.swift; sourceTree = "<group>"; };
		F2F6443F2B5C17260053F0A0 /* MyPasswordVC.swift */ = {isa = PBXFileReference; lastKnownFileType = sourcecode.swift; path = MyPasswordVC.swift; sourceTree = "<group>"; };
		F2F644472B5C8B1D0053F0A0 /* ListPasswordRouter.swift */ = {isa = PBXFileReference; lastKnownFileType = sourcecode.swift; path = ListPasswordRouter.swift; sourceTree = "<group>"; };
		F2F644492B5C8B820053F0A0 /* ListPasswordPresenter.swift */ = {isa = PBXFileReference; lastKnownFileType = sourcecode.swift; path = ListPasswordPresenter.swift; sourceTree = "<group>"; };
		F2F6444B2B5C8D730053F0A0 /* ListPasswordProtocol.swift */ = {isa = PBXFileReference; lastKnownFileType = sourcecode.swift; path = ListPasswordProtocol.swift; sourceTree = "<group>"; };
/* End PBXFileReference section */

/* Begin PBXFrameworksBuildPhase section */
		F2D858482B5B223400282F38 /* Frameworks */ = {
			isa = PBXFrameworksBuildPhase;
			buildActionMask = 2147483647;
			files = (
			);
			runOnlyForDeploymentPostprocessing = 0;
		};
/* End PBXFrameworksBuildPhase section */

/* Begin PBXGroup section */
		F2D858422B5B223400282F38 = {
			isa = PBXGroup;
			children = (
				F2D8584D2B5B223400282F38 /* MyPasswords */,
				F2D8584C2B5B223400282F38 /* Products */,
			);
			sourceTree = "<group>";
		};
		F2D8584C2B5B223400282F38 /* Products */ = {
			isa = PBXGroup;
			children = (
				F2D8584B2B5B223400282F38 /* MyPasswords.app */,
			);
			name = Products;
			sourceTree = "<group>";
		};
		F2D8584D2B5B223400282F38 /* MyPasswords */ = {
			isa = PBXGroup;
			children = (
				F2D8584E2B5B223400282F38 /* AppDelegate.swift */,
				F2D858652B5B245D00282F38 /* Features */,
				F2D8585A2B5B223500282F38 /* Assets.xcassets */,
				F2D8585C2B5B223500282F38 /* LaunchScreen.storyboard */,
				F2D8585F2B5B223500282F38 /* Info.plist */,
				F2D858572B5B223400282F38 /* MyPasswords.xcdatamodeld */,
			);
			path = MyPasswords;
			sourceTree = "<group>";
		};
		F2D858652B5B245D00282F38 /* Features */ = {
			isa = PBXGroup;
			children = (
				F2D8586E2B5B2A2300282F38 /* GeneralProtocols.swift */,
				F2D8586B2B5B27AE00282F38 /* Header */,
				F2D858722B5B304800282F38 /* Cells */,
				F2F644392B5C16EF0053F0A0 /* MyPassword */,
				F2D858682B5B25F700282F38 /* ListPassword */,
			);
			path = Features;
			sourceTree = "<group>";
		};
		F2D858682B5B25F700282F38 /* ListPassword */ = {
			isa = PBXGroup;
			children = (
				F2D858662B5B259B00282F38 /* ListPasswordEntity.swift */,
				F2F6444B2B5C8D730053F0A0 /* ListPasswordProtocol.swift */,
				F2F644492B5C8B820053F0A0 /* ListPasswordPresenter.swift */,
				F2F644472B5C8B1D0053F0A0 /* ListPasswordRouter.swift */,
				F2D858692B5B262600282F38 /* ListPasswordInteractor.swift */,
				F2D858522B5B223400282F38 /* ListPasswordVC.swift */,
			);
			path = ListPassword;
			sourceTree = "<group>";
		};
		F2D8586B2B5B27AE00282F38 /* Header */ = {
			isa = PBXGroup;
			children = (
				F2D8586C2B5B28E500282F38 /* HeaderTableViewCell.swift */,
			);
			path = Header;
			sourceTree = "<group>";
		};
		F2D858722B5B304800282F38 /* Cells */ = {
			isa = PBXGroup;
			children = (
				F2D858702B5B304200282F38 /* TitleViewCell.swift */,
			);
			path = Cells;
			sourceTree = "<group>";
		};
		F2F644392B5C16EF0053F0A0 /* MyPassword */ = {
			isa = PBXGroup;
			children = (
				F2F6443B2B5C17260053F0A0 /* MyPasswordPresenter.swift */,
				F2F6443C2B5C17260053F0A0 /* MyPasswordRouter.swift */,
				F2F6443D2B5C17260053F0A0 /* MyPasswordInteractor.swift */,
				F2F6443E2B5C17260053F0A0 /* MyPasswordProtocol.swift */,
				F2F6443F2B5C17260053F0A0 /* MyPasswordVC.swift */,
			);
			path = MyPassword;
			sourceTree = "<group>";
		};
/* End PBXGroup section */

/* Begin PBXNativeTarget section */
		F2D8584A2B5B223400282F38 /* MyPasswords */ = {
			isa = PBXNativeTarget;
			buildConfigurationList = F2D858622B5B223500282F38 /* Build configuration list for PBXNativeTarget "MyPasswords" */;
			buildPhases = (
				F2D858472B5B223400282F38 /* Sources */,
				F2D858482B5B223400282F38 /* Frameworks */,
				F2D858492B5B223400282F38 /* Resources */,
			);
			buildRules = (
			);
			dependencies = (
			);
			name = MyPasswords;
			productName = MyPasswords;
			productReference = F2D8584B2B5B223400282F38 /* MyPasswords.app */;
			productType = "com.apple.product-type.application";
		};
/* End PBXNativeTarget section */

/* Begin PBXProject section */
		F2D858432B5B223400282F38 /* Project object */ = {
			isa = PBXProject;
			attributes = {
				BuildIndependentTargetsInParallel = 1;
				LastSwiftUpdateCheck = 1430;
				LastUpgradeCheck = 1430;
				TargetAttributes = {
					F2D8584A2B5B223400282F38 = {
						CreatedOnToolsVersion = 14.3.1;
					};
				};
			};
			buildConfigurationList = F2D858462B5B223400282F38 /* Build configuration list for PBXProject "MyPasswords" */;
			compatibilityVersion = "Xcode 14.0";
			developmentRegion = en;
			hasScannedForEncodings = 0;
			knownRegions = (
				en,
				Base,
			);
			mainGroup = F2D858422B5B223400282F38;
			productRefGroup = F2D8584C2B5B223400282F38 /* Products */;
			projectDirPath = "";
			projectRoot = "";
			targets = (
				F2D8584A2B5B223400282F38 /* MyPasswords */,
			);
		};
/* End PBXProject section */

/* Begin PBXResourcesBuildPhase section */
		F2D858492B5B223400282F38 /* Resources */ = {
			isa = PBXResourcesBuildPhase;
			buildActionMask = 2147483647;
			files = (
				F2D8585E2B5B223500282F38 /* LaunchScreen.storyboard in Resources */,
				F2D8585B2B5B223500282F38 /* Assets.xcassets in Resources */,
			);
			runOnlyForDeploymentPostprocessing = 0;
		};
/* End PBXResourcesBuildPhase section */

/* Begin PBXSourcesBuildPhase section */
		F2D858472B5B223400282F38 /* Sources */ = {
			isa = PBXSourcesBuildPhase;
			buildActionMask = 2147483647;
			files = (
				F2F644422B5C17260053F0A0 /* MyPasswordRouter.swift in Sources */,
				F2F6444A2B5C8B820053F0A0 /* ListPasswordPresenter.swift in Sources */,
				F2F644442B5C17260053F0A0 /* MyPasswordProtocol.swift in Sources */,
				F2D858592B5B223400282F38 /* MyPasswords.xcdatamodeld in Sources */,
				F2D858532B5B223400282F38 /* ListPasswordVC.swift in Sources */,
				F2D8584F2B5B223400282F38 /* AppDelegate.swift in Sources */,
				F2F6444C2B5C8D730053F0A0 /* ListPasswordProtocol.swift in Sources */,
				F2D8586D2B5B28E500282F38 /* HeaderTableViewCell.swift in Sources */,
				F2D8586F2B5B2A2300282F38 /* GeneralProtocols.swift in Sources */,
				F2F644482B5C8B1D0053F0A0 /* ListPasswordRouter.swift in Sources */,
				F2D8586A2B5B262600282F38 /* ListPasswordInteractor.swift in Sources */,
				F2D858712B5B304200282F38 /* TitleViewCell.swift in Sources */,
				F2F644412B5C17260053F0A0 /* MyPasswordPresenter.swift in Sources */,
				F2F644432B5C17260053F0A0 /* MyPasswordInteractor.swift in Sources */,
				F2D858672B5B259B00282F38 /* ListPasswordEntity.swift in Sources */,
				F2F644452B5C17260053F0A0 /* MyPasswordVC.swift in Sources */,
			);
			runOnlyForDeploymentPostprocessing = 0;
		};
/* End PBXSourcesBuildPhase section */

/* Begin PBXVariantGroup section */
		F2D8585C2B5B223500282F38 /* LaunchScreen.storyboard */ = {
			isa = PBXVariantGroup;
			children = (
				F2D8585D2B5B223500282F38 /* Base */,
			);
			name = LaunchScreen.storyboard;
			sourceTree = "<group>";
		};
/* End PBXVariantGroup section */

/* Begin XCBuildConfiguration section */
		F2D858602B5B223500282F38 /* Debug */ = {
			isa = XCBuildConfiguration;
			buildSettings = {
				ALWAYS_SEARCH_USER_PATHS = NO;
				CLANG_ANALYZER_NONNULL = YES;
				CLANG_ANALYZER_NUMBER_OBJECT_CONVERSION = YES_AGGRESSIVE;
				CLANG_CXX_LANGUAGE_STANDARD = "gnu++20";
				CLANG_ENABLE_MODULES = YES;
				CLANG_ENABLE_OBJC_ARC = YES;
				CLANG_ENABLE_OBJC_WEAK = YES;
				CLANG_WARN_BLOCK_CAPTURE_AUTORELEASING = YES;
				CLANG_WARN_BOOL_CONVERSION = YES;
				CLANG_WARN_COMMA = YES;
				CLANG_WARN_CONSTANT_CONVERSION = YES;
				CLANG_WARN_DEPRECATED_OBJC_IMPLEMENTATIONS = YES;
				CLANG_WARN_DIRECT_OBJC_ISA_USAGE = YES_ERROR;
				CLANG_WARN_DOCUMENTATION_COMMENTS = YES;
				CLANG_WARN_EMPTY_BODY = YES;
				CLANG_WARN_ENUM_CONVERSION = YES;
				CLANG_WARN_INFINITE_RECURSION = YES;
				CLANG_WARN_INT_CONVERSION = YES;
				CLANG_WARN_NON_LITERAL_NULL_CONVERSION = YES;
				CLANG_WARN_OBJC_IMPLICIT_RETAIN_SELF = YES;
				CLANG_WARN_OBJC_LITERAL_CONVERSION = YES;
				CLANG_WARN_OBJC_ROOT_CLASS = YES_ERROR;
				CLANG_WARN_QUOTED_INCLUDE_IN_FRAMEWORK_HEADER = YES;
				CLANG_WARN_RANGE_LOOP_ANALYSIS = YES;
				CLANG_WARN_STRICT_PROTOTYPES = YES;
				CLANG_WARN_SUSPICIOUS_MOVE = YES;
				CLANG_WARN_UNGUARDED_AVAILABILITY = YES_AGGRESSIVE;
				CLANG_WARN_UNREACHABLE_CODE = YES;
				CLANG_WARN__DUPLICATE_METHOD_MATCH = YES;
				COPY_PHASE_STRIP = NO;
				DEBUG_INFORMATION_FORMAT = dwarf;
				ENABLE_STRICT_OBJC_MSGSEND = YES;
				ENABLE_TESTABILITY = YES;
				GCC_C_LANGUAGE_STANDARD = gnu11;
				GCC_DYNAMIC_NO_PIC = NO;
				GCC_NO_COMMON_BLOCKS = YES;
				GCC_OPTIMIZATION_LEVEL = 0;
				GCC_PREPROCESSOR_DEFINITIONS = (
					"DEBUG=1",
					"$(inherited)",
				);
				GCC_WARN_64_TO_32_BIT_CONVERSION = YES;
				GCC_WARN_ABOUT_RETURN_TYPE = YES_ERROR;
				GCC_WARN_UNDECLARED_SELECTOR = YES;
				GCC_WARN_UNINITIALIZED_AUTOS = YES_AGGRESSIVE;
				GCC_WARN_UNUSED_FUNCTION = YES;
				GCC_WARN_UNUSED_VARIABLE = YES;
				INFOPLIST_KEY_UIMainStoryboardFile = "";
				IPHONEOS_DEPLOYMENT_TARGET = 16.4;
				MTL_ENABLE_DEBUG_INFO = INCLUDE_SOURCE;
				MTL_FAST_MATH = YES;
				ONLY_ACTIVE_ARCH = YES;
				SDKROOT = iphoneos;
				SWIFT_ACTIVE_COMPILATION_CONDITIONS = DEBUG;
				SWIFT_OPTIMIZATION_LEVEL = "-Onone";
			};
			name = Debug;
		};
		F2D858612B5B223500282F38 /* Release */ = {
			isa = XCBuildConfiguration;
			buildSettings = {
				ALWAYS_SEARCH_USER_PATHS = NO;
				CLANG_ANALYZER_NONNULL = YES;
				CLANG_ANALYZER_NUMBER_OBJECT_CONVERSION = YES_AGGRESSIVE;
				CLANG_CXX_LANGUAGE_STANDARD = "gnu++20";
				CLANG_ENABLE_MODULES = YES;
				CLANG_ENABLE_OBJC_ARC = YES;
				CLANG_ENABLE_OBJC_WEAK = YES;
				CLANG_WARN_BLOCK_CAPTURE_AUTORELEASING = YES;
				CLANG_WARN_BOOL_CONVERSION = YES;
				CLANG_WARN_COMMA = YES;
				CLANG_WARN_CONSTANT_CONVERSION = YES;
				CLANG_WARN_DEPRECATED_OBJC_IMPLEMENTATIONS = YES;
				CLANG_WARN_DIRECT_OBJC_ISA_USAGE = YES_ERROR;
				CLANG_WARN_DOCUMENTATION_COMMENTS = YES;
				CLANG_WARN_EMPTY_BODY = YES;
				CLANG_WARN_ENUM_CONVERSION = YES;
				CLANG_WARN_INFINITE_RECURSION = YES;
				CLANG_WARN_INT_CONVERSION = YES;
				CLANG_WARN_NON_LITERAL_NULL_CONVERSION = YES;
				CLANG_WARN_OBJC_IMPLICIT_RETAIN_SELF = YES;
				CLANG_WARN_OBJC_LITERAL_CONVERSION = YES;
				CLANG_WARN_OBJC_ROOT_CLASS = YES_ERROR;
				CLANG_WARN_QUOTED_INCLUDE_IN_FRAMEWORK_HEADER = YES;
				CLANG_WARN_RANGE_LOOP_ANALYSIS = YES;
				CLANG_WARN_STRICT_PROTOTYPES = YES;
				CLANG_WARN_SUSPICIOUS_MOVE = YES;
				CLANG_WARN_UNGUARDED_AVAILABILITY = YES_AGGRESSIVE;
				CLANG_WARN_UNREACHABLE_CODE = YES;
				CLANG_WARN__DUPLICATE_METHOD_MATCH = YES;
				COPY_PHASE_STRIP = NO;
				DEBUG_INFORMATION_FORMAT = "dwarf-with-dsym";
				ENABLE_NS_ASSERTIONS = NO;
				ENABLE_STRICT_OBJC_MSGSEND = YES;
				GCC_C_LANGUAGE_STANDARD = gnu11;
				GCC_NO_COMMON_BLOCKS = YES;
				GCC_WARN_64_TO_32_BIT_CONVERSION = YES;
				GCC_WARN_ABOUT_RETURN_TYPE = YES_ERROR;
				GCC_WARN_UNDECLARED_SELECTOR = YES;
				GCC_WARN_UNINITIALIZED_AUTOS = YES_AGGRESSIVE;
				GCC_WARN_UNUSED_FUNCTION = YES;
				GCC_WARN_UNUSED_VARIABLE = YES;
				IPHONEOS_DEPLOYMENT_TARGET = 16.4;
				MTL_ENABLE_DEBUG_INFO = NO;
				MTL_FAST_MATH = YES;
				SDKROOT = iphoneos;
				SWIFT_COMPILATION_MODE = wholemodule;
				SWIFT_OPTIMIZATION_LEVEL = "-O";
				VALIDATE_PRODUCT = YES;
			};
			name = Release;
		};
		F2D858632B5B223500282F38 /* Debug */ = {
			isa = XCBuildConfiguration;
			buildSettings = {
				ASSETCATALOG_COMPILER_APPICON_NAME = AppIcon;
				ASSETCATALOG_COMPILER_GLOBAL_ACCENT_COLOR_NAME = AccentColor;
				CODE_SIGN_STYLE = Automatic;
				CURRENT_PROJECT_VERSION = 1;
				DEVELOPMENT_TEAM = MC2W678MVZ;
				GENERATE_INFOPLIST_FILE = YES;
				INFOPLIST_FILE = MyPasswords/Info.plist;
				INFOPLIST_KEY_UIApplicationSupportsIndirectInputEvents = YES;
				INFOPLIST_KEY_UILaunchStoryboardName = LaunchScreen.storyboard;
				INFOPLIST_KEY_UIMainStoryboardFile = "";
				INFOPLIST_KEY_UISupportedInterfaceOrientations_iPad = "UIInterfaceOrientationPortrait UIInterfaceOrientationPortraitUpsideDown UIInterfaceOrientationLandscapeLeft UIInterfaceOrientationLandscapeRight";
				INFOPLIST_KEY_UISupportedInterfaceOrientations_iPhone = "UIInterfaceOrientationPortrait UIInterfaceOrientationLandscapeLeft UIInterfaceOrientationLandscapeRight";
				LD_RUNPATH_SEARCH_PATHS = (
					"$(inherited)",
					"@executable_path/Frameworks",
				);
				MARKETING_VERSION = 1.0;
				PRODUCT_BUNDLE_IDENTIFIER = com.nut.MyPasswords;
				PRODUCT_NAME = "$(TARGET_NAME)";
				SWIFT_EMIT_LOC_STRINGS = YES;
				SWIFT_VERSION = 5.0;
				TARGETED_DEVICE_FAMILY = "1,2";
			};
			name = Debug;
		};
		F2D858642B5B223500282F38 /* Release */ = {
			isa = XCBuildConfiguration;
			buildSettings = {
				ASSETCATALOG_COMPILER_APPICON_NAME = AppIcon;
				ASSETCATALOG_COMPILER_GLOBAL_ACCENT_COLOR_NAME = AccentColor;
				CODE_SIGN_STYLE = Automatic;
				CURRENT_PROJECT_VERSION = 1;
				DEVELOPMENT_TEAM = MC2W678MVZ;
				GENERATE_INFOPLIST_FILE = YES;
				INFOPLIST_FILE = MyPasswords/Info.plist;
				INFOPLIST_KEY_UIApplicationSupportsIndirectInputEvents = YES;
				INFOPLIST_KEY_UILaunchStoryboardName = LaunchScreen.storyboard;
				INFOPLIST_KEY_UIMainStoryboardFile = "";
				INFOPLIST_KEY_UISupportedInterfaceOrientations_iPad = "UIInterfaceOrientationPortrait UIInterfaceOrientationPortraitUpsideDown UIInterfaceOrientationLandscapeLeft UIInterfaceOrientationLandscapeRight";
				INFOPLIST_KEY_UISupportedInterfaceOrientations_iPhone = "UIInterfaceOrientationPortrait UIInterfaceOrientationLandscapeLeft UIInterfaceOrientationLandscapeRight";
				LD_RUNPATH_SEARCH_PATHS = (
					"$(inherited)",
					"@executable_path/Frameworks",
				);
				MARKETING_VERSION = 1.0;
				PRODUCT_BUNDLE_IDENTIFIER = com.nut.MyPasswords;
				PRODUCT_NAME = "$(TARGET_NAME)";
				SWIFT_EMIT_LOC_STRINGS = YES;
				SWIFT_VERSION = 5.0;
				TARGETED_DEVICE_FAMILY = "1,2";
			};
			name = Release;
		};
/* End XCBuildConfiguration section */

/* Begin XCConfigurationList section */
		F2D858462B5B223400282F38 /* Build configuration list for PBXProject "MyPasswords" */ = {
			isa = XCConfigurationList;
			buildConfigurations = (
				F2D858602B5B223500282F38 /* Debug */,
				F2D858612B5B223500282F38 /* Release */,
			);
			defaultConfigurationIsVisible = 0;
			defaultConfigurationName = Release;
		};
		F2D858622B5B223500282F38 /* Build configuration list for PBXNativeTarget "MyPasswords" */ = {
			isa = XCConfigurationList;
			buildConfigurations = (
				F2D858632B5B223500282F38 /* Debug */,
				F2D858642B5B223500282F38 /* Release */,
			);
			defaultConfigurationIsVisible = 0;
			defaultConfigurationName = Release;
		};
/* End XCConfigurationList section */

/* Begin XCVersionGroup section */
		F2D858572B5B223400282F38 /* MyPasswords.xcdatamodeld */ = {
			isa = XCVersionGroup;
			children = (
				F2D858582B5B223400282F38 /* MyPasswords.xcdatamodel */,
			);
			currentVersion = F2D858582B5B223400282F38 /* MyPasswords.xcdatamodel */;
			path = MyPasswords.xcdatamodeld;
			sourceTree = "<group>";
			versionGroupType = wrapper.xcdatamodel;
		};
/* End XCVersionGroup section */
	};
	rootObject = F2D858432B5B223400282F38 /* Project object */;
}
